
Microsoft Visual Studio Solution File, Format Version 12.00
# Visual Studio Version 18
VisualStudioVersion = 18.0.11222.15 d18.0
MinimumVisualStudioVersion = 10.0.40219.1
Project("{FAE04EC0-301F-11D3-BF4B-00C04F79EFBC}") = "TWJobs", "TWJobs.csproj", "{0DEF55B3-7B7D-A425-A13D-A782708E0743}"
EndProject
Global
	GlobalSection(SolutionConfigurationPlatforms) = preSolution
		Debug|Any CPU = Debug|Any CPU
		Release|Any CPU = Release|Any CPU
	EndGlobalSection
	GlobalSection(ProjectConfigurationPlatforms) = postSolution
		{0DEF55B3-7B7D-A425-A13D-A782708E0743}.Debug|Any CPU.ActiveCfg = Debug|Any CPU
		{0DEF55B3-7B7D-A425-A13D-A782708E0743}.Debug|Any CPU.Build.0 = Debug|Any CPU
		{0DEF55B3-7B7D-A425-A13D-A782708E0743}.Release|Any CPU.ActiveCfg = Release|Any CPU
		{0DEF55B3-7B7D-A425-A13D-A782708E0743}.Release|Any CPU.Build.0 = Release|Any CPU
	EndGlobalSection
	GlobalSection(SolutionProperties) = preSolution
		HideSolutionNode = FALSE
	EndGlobalSection
	GlobalSection(ExtensibilityGlobals) = postSolution
		SolutionGuid = {61E32E04-5F39-4DF4-A711-573ACDD49C74}
	EndGlobalSection
EndGlobal
